// !$*UTF8*$!
{
	archiveVersion = 1;
	classes = {
	};
	objectVersion = 55;
	objects = {

/* Begin PBXBuildFile section */
		11A2A06B28EEBB1000AD9EC5 /* MiniPlayerView.swift in Sources */ = {isa = PBXBuildFile; fileRef = 11A2A06A28EEBB1000AD9EC5 /* MiniPlayerView.swift */; };
		11A2A06E28EEBB6800AD9EC5 /* BaseView.swift in Sources */ = {isa = PBXBuildFile; fileRef = 11A2A06D28EEBB6800AD9EC5 /* BaseView.swift */; };
		11A2A07028EEBB7400AD9EC5 /* BaseViewController.swift in Sources */ = {isa = PBXBuildFile; fileRef = 11A2A06F28EEBB7400AD9EC5 /* BaseViewController.swift */; };
		43224E0628E1BF210013A829 /* UIColor + Extension.swift in Sources */ = {isa = PBXBuildFile; fileRef = 43224E0528E1BF210013A829 /* UIColor + Extension.swift */; };
		438207F328E4C2680008DE49 /* UIButton + Extension.swift in Sources */ = {isa = PBXBuildFile; fileRef = 438207F228E4C2680008DE49 /* UIButton + Extension.swift */; };
		43B123D728EF29BA00EF5E9C /* MainView.swift in Sources */ = {isa = PBXBuildFile; fileRef = 43B123D628EF29BA00EF5E9C /* MainView.swift */; };
		43B123D928EF349200EF5E9C /* MainViewController.swift in Sources */ = {isa = PBXBuildFile; fileRef = 43B123D828EF349200EF5E9C /* MainViewController.swift */; };
		43B40E7628DE1D0700F44109 /* MainSongCell.swift in Sources */ = {isa = PBXBuildFile; fileRef = 43B40E7528DE1D0700F44109 /* MainSongCell.swift */; };
		43B40E7828DE1D2100F44109 /* CollectionViewCell.swift in Sources */ = {isa = PBXBuildFile; fileRef = 43B40E7728DE1D2100F44109 /* CollectionViewCell.swift */; };
		43C207AC28F0873900F20013 /* MainsTableViewCell.swift in Sources */ = {isa = PBXBuildFile; fileRef = 43C207AB28F0873900F20013 /* MainsTableViewCell.swift */; };
		43C207AE28F09BE600F20013 /* MainCollectionView.swift in Sources */ = {isa = PBXBuildFile; fileRef = 43C207AD28F09BE600F20013 /* MainCollectionView.swift */; };
		43CDEAF328E2FEBB00D059AE /* MiniPlayerViewController.swift in Sources */ = {isa = PBXBuildFile; fileRef = 43CDEAF228E2FEBB00D059AE /* MiniPlayerViewController.swift */; };
		A50EBCA428DC3C1200DCC2B2 /* TrackTableViewCell.swift in Sources */ = {isa = PBXBuildFile; fileRef = A50EBCA328DC3C1200DCC2B2 /* TrackTableViewCell.swift */; };
		E465C22B28DB6B45008CC3E0 /* AppDelegate.swift in Sources */ = {isa = PBXBuildFile; fileRef = E465C22A28DB6B45008CC3E0 /* AppDelegate.swift */; };
		E465C22D28DB6B45008CC3E0 /* SceneDelegate.swift in Sources */ = {isa = PBXBuildFile; fileRef = E465C22C28DB6B45008CC3E0 /* SceneDelegate.swift */; };
		E465C23428DB6B47008CC3E0 /* Assets.xcassets in Resources */ = {isa = PBXBuildFile; fileRef = E465C23328DB6B47008CC3E0 /* Assets.xcassets */; };
		E465C23728DB6B47008CC3E0 /* LaunchScreen.storyboard in Resources */ = {isa = PBXBuildFile; fileRef = E465C23528DB6B47008CC3E0 /* LaunchScreen.storyboard */; };
		E465C24028DB6BD0008CC3E0 /* TrackModel.swift in Sources */ = {isa = PBXBuildFile; fileRef = E465C23F28DB6BD0008CC3E0 /* TrackModel.swift */; };
		E465C24328DB6C2B008CC3E0 /* NetworkService.swift in Sources */ = {isa = PBXBuildFile; fileRef = E465C24228DB6C2B008CC3E0 /* NetworkService.swift */; };
		E465C24628DB6CEA008CC3E0 /* MainTabBarController.swift in Sources */ = {isa = PBXBuildFile; fileRef = E465C24528DB6CEA008CC3E0 /* MainTabBarController.swift */; };
		E465C25128DB73AC008CC3E0 /* ListViewController.swift in Sources */ = {isa = PBXBuildFile; fileRef = E465C25028DB73AC008CC3E0 /* ListViewController.swift */; };
		E465C25428DB742A008CC3E0 /* PlayerViewController.swift in Sources */ = {isa = PBXBuildFile; fileRef = E465C25328DB742A008CC3E0 /* PlayerViewController.swift */; };
		E465C25728DB7525008CC3E0 /* SearchViewController.swift in Sources */ = {isa = PBXBuildFile; fileRef = E465C25628DB7525008CC3E0 /* SearchViewController.swift */; };
		E465C26028DB76CB008CC3E0 /* SnapKit in Frameworks */ = {isa = PBXBuildFile; productRef = E465C25F28DB76CB008CC3E0 /* SnapKit */; };
		E465C26228DC6793008CC3E0 /* TrackDataModel.swift in Sources */ = {isa = PBXBuildFile; fileRef = E465C26128DC6793008CC3E0 /* TrackDataModel.swift */; };
		E465C26628DC718D008CC3E0 /* PlayListModel.swift in Sources */ = {isa = PBXBuildFile; fileRef = E465C26528DC718D008CC3E0 /* PlayListModel.swift */; };
		E4B1B3E728DDF4CE00F57483 /* ImageDownload.swift in Sources */ = {isa = PBXBuildFile; fileRef = E4B1B3E628DDF4CE00F57483 /* ImageDownload.swift */; };
		E4B1B3EA28DE4C4B00F57483 /* Realm in Frameworks */ = {isa = PBXBuildFile; productRef = E4B1B3E928DE4C4B00F57483 /* Realm */; };
		E4B1B3EC28DE4C4B00F57483 /* RealmSwift in Frameworks */ = {isa = PBXBuildFile; productRef = E4B1B3EB28DE4C4B00F57483 /* RealmSwift */; };
		E4B1B3EE28DE4C7900F57483 /* RealmBaseManager.swift in Sources */ = {isa = PBXBuildFile; fileRef = E4B1B3ED28DE4C7800F57483 /* RealmBaseManager.swift */; };
		E4B1B3F028DE4C8600F57483 /* RealmDataModel.swift in Sources */ = {isa = PBXBuildFile; fileRef = E4B1B3EF28DE4C8600F57483 /* RealmDataModel.swift */; };
/* End PBXBuildFile section */

/* Begin PBXFileReference section */
		11A2A06A28EEBB1000AD9EC5 /* MiniPlayerView.swift */ = {isa = PBXFileReference; lastKnownFileType = sourcecode.swift; path = MiniPlayerView.swift; sourceTree = "<group>"; };
		11A2A06D28EEBB6800AD9EC5 /* BaseView.swift */ = {isa = PBXFileReference; lastKnownFileType = sourcecode.swift; path = BaseView.swift; sourceTree = "<group>"; };
		11A2A06F28EEBB7400AD9EC5 /* BaseViewController.swift */ = {isa = PBXFileReference; lastKnownFileType = sourcecode.swift; path = BaseViewController.swift; sourceTree = "<group>"; };
		43224E0528E1BF210013A829 /* UIColor + Extension.swift */ = {isa = PBXFileReference; lastKnownFileType = sourcecode.swift; path = "UIColor + Extension.swift"; sourceTree = "<group>"; };
		438207F228E4C2680008DE49 /* UIButton + Extension.swift */ = {isa = PBXFileReference; lastKnownFileType = sourcecode.swift; path = "UIButton + Extension.swift"; sourceTree = "<group>"; };
		43B123D628EF29BA00EF5E9C /* MainView.swift */ = {isa = PBXFileReference; lastKnownFileType = sourcecode.swift; path = MainView.swift; sourceTree = "<group>"; };
		43B123D828EF349200EF5E9C /* MainViewController.swift */ = {isa = PBXFileReference; lastKnownFileType = sourcecode.swift; path = MainViewController.swift; sourceTree = "<group>"; };
		43B40E7528DE1D0700F44109 /* MainSongCell.swift */ = {isa = PBXFileReference; lastKnownFileType = sourcecode.swift; path = MainSongCell.swift; sourceTree = "<group>"; };
		43B40E7728DE1D2100F44109 /* CollectionViewCell.swift */ = {isa = PBXFileReference; lastKnownFileType = sourcecode.swift; path = CollectionViewCell.swift; sourceTree = "<group>"; };
		43C207AB28F0873900F20013 /* MainsTableViewCell.swift */ = {isa = PBXFileReference; lastKnownFileType = sourcecode.swift; path = MainsTableViewCell.swift; sourceTree = "<group>"; };
		43C207AD28F09BE600F20013 /* MainCollectionView.swift */ = {isa = PBXFileReference; lastKnownFileType = sourcecode.swift; path = MainCollectionView.swift; sourceTree = "<group>"; };
		43CDEAF228E2FEBB00D059AE /* MiniPlayerViewController.swift */ = {isa = PBXFileReference; lastKnownFileType = sourcecode.swift; path = MiniPlayerViewController.swift; sourceTree = "<group>"; };
		A50EBCA328DC3C1200DCC2B2 /* TrackTableViewCell.swift */ = {isa = PBXFileReference; lastKnownFileType = sourcecode.swift; path = TrackTableViewCell.swift; sourceTree = "<group>"; };
		E465C22728DB6B45008CC3E0 /* SwiftChallenge3.app */ = {isa = PBXFileReference; explicitFileType = wrapper.application; includeInIndex = 0; path = SwiftChallenge3.app; sourceTree = BUILT_PRODUCTS_DIR; };
		E465C22A28DB6B45008CC3E0 /* AppDelegate.swift */ = {isa = PBXFileReference; lastKnownFileType = sourcecode.swift; path = AppDelegate.swift; sourceTree = "<group>"; };
		E465C22C28DB6B45008CC3E0 /* SceneDelegate.swift */ = {isa = PBXFileReference; lastKnownFileType = sourcecode.swift; path = SceneDelegate.swift; sourceTree = "<group>"; };
		E465C23328DB6B47008CC3E0 /* Assets.xcassets */ = {isa = PBXFileReference; lastKnownFileType = folder.assetcatalog; path = Assets.xcassets; sourceTree = "<group>"; };
		E465C23628DB6B47008CC3E0 /* Base */ = {isa = PBXFileReference; lastKnownFileType = file.storyboard; name = Base; path = Base.lproj/LaunchScreen.storyboard; sourceTree = "<group>"; };
		E465C23828DB6B47008CC3E0 /* Info.plist */ = {isa = PBXFileReference; lastKnownFileType = text.plist.xml; path = Info.plist; sourceTree = "<group>"; };
		E465C23F28DB6BD0008CC3E0 /* TrackModel.swift */ = {isa = PBXFileReference; lastKnownFileType = sourcecode.swift; path = TrackModel.swift; sourceTree = "<group>"; };
		E465C24228DB6C2B008CC3E0 /* NetworkService.swift */ = {isa = PBXFileReference; lastKnownFileType = sourcecode.swift; path = NetworkService.swift; sourceTree = "<group>"; };
		E465C24528DB6CEA008CC3E0 /* MainTabBarController.swift */ = {isa = PBXFileReference; lastKnownFileType = sourcecode.swift; path = MainTabBarController.swift; sourceTree = "<group>"; };
		E465C25028DB73AC008CC3E0 /* ListViewController.swift */ = {isa = PBXFileReference; lastKnownFileType = sourcecode.swift; path = ListViewController.swift; sourceTree = "<group>"; };
		E465C25328DB742A008CC3E0 /* PlayerViewController.swift */ = {isa = PBXFileReference; lastKnownFileType = sourcecode.swift; path = PlayerViewController.swift; sourceTree = "<group>"; };
		E465C25628DB7525008CC3E0 /* SearchViewController.swift */ = {isa = PBXFileReference; lastKnownFileType = sourcecode.swift; path = SearchViewController.swift; sourceTree = "<group>"; };
		E465C26128DC6793008CC3E0 /* TrackDataModel.swift */ = {isa = PBXFileReference; lastKnownFileType = sourcecode.swift; path = TrackDataModel.swift; sourceTree = "<group>"; };
		E465C26528DC718D008CC3E0 /* PlayListModel.swift */ = {isa = PBXFileReference; lastKnownFileType = sourcecode.swift; path = PlayListModel.swift; sourceTree = "<group>"; };
		E4B1B3E628DDF4CE00F57483 /* ImageDownload.swift */ = {isa = PBXFileReference; lastKnownFileType = sourcecode.swift; path = ImageDownload.swift; sourceTree = "<group>"; };
		E4B1B3ED28DE4C7800F57483 /* RealmBaseManager.swift */ = {isa = PBXFileReference; lastKnownFileType = sourcecode.swift; path = RealmBaseManager.swift; sourceTree = "<group>"; };
		E4B1B3EF28DE4C8600F57483 /* RealmDataModel.swift */ = {isa = PBXFileReference; lastKnownFileType = sourcecode.swift; path = RealmDataModel.swift; sourceTree = "<group>"; };
/* End PBXFileReference section */

/* Begin PBXFrameworksBuildPhase section */
		E465C22428DB6B45008CC3E0 /* Frameworks */ = {
			isa = PBXFrameworksBuildPhase;
			buildActionMask = 2147483647;
			files = (
				E4B1B3EC28DE4C4B00F57483 /* RealmSwift in Frameworks */,
				E4B1B3EA28DE4C4B00F57483 /* Realm in Frameworks */,
				E465C26028DB76CB008CC3E0 /* SnapKit in Frameworks */,
			);
			runOnlyForDeploymentPostprocessing = 0;
		};
/* End PBXFrameworksBuildPhase section */

/* Begin PBXGroup section */
		11A2A06728EEBAC600AD9EC5 /* MiniPlayer */ = {
			isa = PBXGroup;
			children = (
				11A2A06928EEBAFA00AD9EC5 /* View */,
				11A2A06828EEBAD400AD9EC5 /* Controllers */,
			);
			path = MiniPlayer;
			sourceTree = "<group>";
		};
		11A2A06828EEBAD400AD9EC5 /* Controllers */ = {
			isa = PBXGroup;
			children = (
				43CDEAF228E2FEBB00D059AE /* MiniPlayerViewController.swift */,
			);
			path = Controllers;
			sourceTree = "<group>";
		};
		11A2A06928EEBAFA00AD9EC5 /* View */ = {
			isa = PBXGroup;
			children = (
				11A2A06A28EEBB1000AD9EC5 /* MiniPlayerView.swift */,
			);
			path = View;
			sourceTree = "<group>";
		};
		11A2A06C28EEBB5D00AD9EC5 /* Base */ = {
			isa = PBXGroup;
			children = (
				11A2A06D28EEBB6800AD9EC5 /* BaseView.swift */,
				11A2A06F28EEBB7400AD9EC5 /* BaseViewController.swift */,
			);
			path = Base;
			sourceTree = "<group>";
		};
		43B123DA28EF419D00EF5E9C /* Views */ = {
			isa = PBXGroup;
			children = (
				43B123D628EF29BA00EF5E9C /* MainView.swift */,
				43B123DC28EF422400EF5E9C /* Cell */,
			);
			path = Views;
			sourceTree = "<group>";
		};
		43B123DB28EF41C900EF5E9C /* Controllers */ = {
			isa = PBXGroup;
			children = (
				43B123D828EF349200EF5E9C /* MainViewController.swift */,
			);
			path = Controllers;
			sourceTree = "<group>";
		};
		43B123DC28EF422400EF5E9C /* Cell */ = {
			isa = PBXGroup;
			children = (
				43B40E7528DE1D0700F44109 /* MainSongCell.swift */,
				43C207AD28F09BE600F20013 /* MainCollectionView.swift */,
				43C207AB28F0873900F20013 /* MainsTableViewCell.swift */,
				43B40E7728DE1D2100F44109 /* CollectionViewCell.swift */,
			);
			path = Cell;
			sourceTree = "<group>";
		};
		43CDEAF628E3983D00D059AE /* Extension */ = {
			isa = PBXGroup;
			children = (
				43224E0528E1BF210013A829 /* UIColor + Extension.swift */,
				438207F228E4C2680008DE49 /* UIButton + Extension.swift */,
			);
			path = Extension;
			sourceTree = "<group>";
		};
		E465C21E28DB6B44008CC3E0 = {
			isa = PBXGroup;
			children = (
				E465C22928DB6B45008CC3E0 /* SwiftChallenge3 */,
				E465C22828DB6B45008CC3E0 /* Products */,
			);
			sourceTree = "<group>";
		};
		E465C22828DB6B45008CC3E0 /* Products */ = {
			isa = PBXGroup;
			children = (
				E465C22728DB6B45008CC3E0 /* SwiftChallenge3.app */,
			);
			name = Products;
			sourceTree = "<group>";
		};
		E465C22928DB6B45008CC3E0 /* SwiftChallenge3 */ = {
			isa = PBXGroup;
			children = (
				E465C24728DB6FB6008CC3E0 /* Sources */,
				E465C24828DB6FD7008CC3E0 /* Resources */,
			);
			path = SwiftChallenge3;
			sourceTree = "<group>";
		};
		E465C24128DB6BD7008CC3E0 /* Moduls */ = {
			isa = PBXGroup;
			children = (
				11A2A06728EEBAC600AD9EC5 /* MiniPlayer */,
				E465C24E28DB7376008CC3E0 /* TabBar */,
				E465C24F28DB7389008CC3E0 /* MainScreen */,
				E465C25228DB73B8008CC3E0 /* ListScreen */,
				E465C25528DB742E008CC3E0 /* PlayerScreen */,
				E465C25828DB752F008CC3E0 /* SearchScreen */,
			);
			path = Moduls;
			sourceTree = "<group>";
		};
		E465C24428DB6C35008CC3E0 /* Services */ = {
			isa = PBXGroup;
			children = (
				E465C24228DB6C2B008CC3E0 /* NetworkService.swift */,
				E465C26128DC6793008CC3E0 /* TrackDataModel.swift */,
				E465C23F28DB6BD0008CC3E0 /* TrackModel.swift */,
				E465C26528DC718D008CC3E0 /* PlayListModel.swift */,
				E4B1B3E628DDF4CE00F57483 /* ImageDownload.swift */,
				E4B1B3ED28DE4C7800F57483 /* RealmBaseManager.swift */,
				E4B1B3EF28DE4C8600F57483 /* RealmDataModel.swift */,
			);
			path = Services;
			sourceTree = "<group>";
		};
		E465C24728DB6FB6008CC3E0 /* Sources */ = {
			isa = PBXGroup;
			children = (
				E465C24428DB6C35008CC3E0 /* Services */,
				E465C24128DB6BD7008CC3E0 /* Moduls */,
				E465C24A28DB70A4008CC3E0 /* Supporting */,
			);
			path = Sources;
			sourceTree = "<group>";
		};
		E465C24828DB6FD7008CC3E0 /* Resources */ = {
			isa = PBXGroup;
			children = (
				E465C23328DB6B47008CC3E0 /* Assets.xcassets */,
				E465C23528DB6B47008CC3E0 /* LaunchScreen.storyboard */,
				E465C23828DB6B47008CC3E0 /* Info.plist */,
			);
			path = Resources;
			sourceTree = "<group>";
		};
		E465C24928DB7091008CC3E0 /* Application */ = {
			isa = PBXGroup;
			children = (
				E465C22A28DB6B45008CC3E0 /* AppDelegate.swift */,
				E465C22C28DB6B45008CC3E0 /* SceneDelegate.swift */,
			);
			path = Application;
			sourceTree = "<group>";
		};
		E465C24A28DB70A4008CC3E0 /* Supporting */ = {
			isa = PBXGroup;
			children = (
				43CDEAF628E3983D00D059AE /* Extension */,
				11A2A06C28EEBB5D00AD9EC5 /* Base */,
				E465C24928DB7091008CC3E0 /* Application */,
			);
			path = Supporting;
			sourceTree = "<group>";
		};
		E465C24E28DB7376008CC3E0 /* TabBar */ = {
			isa = PBXGroup;
			children = (
				E465C24528DB6CEA008CC3E0 /* MainTabBarController.swift */,
			);
			path = TabBar;
			sourceTree = "<group>";
		};
		E465C24F28DB7389008CC3E0 /* MainScreen */ = {
			isa = PBXGroup;
			children = (
				43B123DB28EF41C900EF5E9C /* Controllers */,
				43B123DA28EF419D00EF5E9C /* Views */,
			);
			path = MainScreen;
			sourceTree = "<group>";
		};
		E465C25228DB73B8008CC3E0 /* ListScreen */ = {
			isa = PBXGroup;
			children = (
				E465C25028DB73AC008CC3E0 /* ListViewController.swift */,
				A50EBCA328DC3C1200DCC2B2 /* TrackTableViewCell.swift */,
			);
			path = ListScreen;
			sourceTree = "<group>";
		};
		E465C25528DB742E008CC3E0 /* PlayerScreen */ = {
			isa = PBXGroup;
			children = (
				E465C25328DB742A008CC3E0 /* PlayerViewController.swift */,
			);
			path = PlayerScreen;
			sourceTree = "<group>";
		};
		E465C25828DB752F008CC3E0 /* SearchScreen */ = {
			isa = PBXGroup;
			children = (
				E465C25628DB7525008CC3E0 /* SearchViewController.swift */,
			);
			path = SearchScreen;
			sourceTree = "<group>";
		};
/* End PBXGroup section */

/* Begin PBXNativeTarget section */
		E465C22628DB6B45008CC3E0 /* SwiftChallenge3 */ = {
			isa = PBXNativeTarget;
			buildConfigurationList = E465C23B28DB6B47008CC3E0 /* Build configuration list for PBXNativeTarget "SwiftChallenge3" */;
			buildPhases = (
				E465C22328DB6B45008CC3E0 /* Sources */,
				E465C22428DB6B45008CC3E0 /* Frameworks */,
				E465C22528DB6B45008CC3E0 /* Resources */,
			);
			buildRules = (
			);
			dependencies = (
			);
			name = SwiftChallenge3;
			packageProductDependencies = (
				E465C25F28DB76CB008CC3E0 /* SnapKit */,
				E4B1B3E928DE4C4B00F57483 /* Realm */,
				E4B1B3EB28DE4C4B00F57483 /* RealmSwift */,
			);
			productName = SwiftChallenge3;
			productReference = E465C22728DB6B45008CC3E0 /* SwiftChallenge3.app */;
			productType = "com.apple.product-type.application";
		};
/* End PBXNativeTarget section */

/* Begin PBXProject section */
		E465C21F28DB6B44008CC3E0 /* Project object */ = {
			isa = PBXProject;
			attributes = {
				BuildIndependentTargetsInParallel = 1;
				LastSwiftUpdateCheck = 1340;
				LastUpgradeCheck = 1340;
				TargetAttributes = {
					E465C22628DB6B45008CC3E0 = {
						CreatedOnToolsVersion = 13.4.1;
					};
				};
			};
			buildConfigurationList = E465C22228DB6B44008CC3E0 /* Build configuration list for PBXProject "SwiftChallenge3" */;
			compatibilityVersion = "Xcode 13.0";
			developmentRegion = en;
			hasScannedForEncodings = 0;
			knownRegions = (
				en,
				Base,
			);
			mainGroup = E465C21E28DB6B44008CC3E0;
			packageReferences = (
				E465C25E28DB76CB008CC3E0 /* XCRemoteSwiftPackageReference "SnapKit" */,
				E4B1B3E828DE4C4B00F57483 /* XCRemoteSwiftPackageReference "realm-swift" */,
			);
			productRefGroup = E465C22828DB6B45008CC3E0 /* Products */;
			projectDirPath = "";
			projectRoot = "";
			targets = (
				E465C22628DB6B45008CC3E0 /* SwiftChallenge3 */,
			);
		};
/* End PBXProject section */

/* Begin PBXResourcesBuildPhase section */
		E465C22528DB6B45008CC3E0 /* Resources */ = {
			isa = PBXResourcesBuildPhase;
			buildActionMask = 2147483647;
			files = (
				E465C23728DB6B47008CC3E0 /* LaunchScreen.storyboard in Resources */,
				E465C23428DB6B47008CC3E0 /* Assets.xcassets in Resources */,
			);
			runOnlyForDeploymentPostprocessing = 0;
		};
/* End PBXResourcesBuildPhase section */

/* Begin PBXSourcesBuildPhase section */
		E465C22328DB6B45008CC3E0 /* Sources */ = {
			isa = PBXSourcesBuildPhase;
			buildActionMask = 2147483647;
			files = (
				E465C25728DB7525008CC3E0 /* SearchViewController.swift in Sources */,
				43B123D728EF29BA00EF5E9C /* MainView.swift in Sources */,
				E4B1B3EE28DE4C7900F57483 /* RealmBaseManager.swift in Sources */,
				E465C24328DB6C2B008CC3E0 /* NetworkService.swift in Sources */,
				11A2A06B28EEBB1000AD9EC5 /* MiniPlayerView.swift in Sources */,
				11A2A07028EEBB7400AD9EC5 /* BaseViewController.swift in Sources */,
				E4B1B3E728DDF4CE00F57483 /* ImageDownload.swift in Sources */,
				E465C24628DB6CEA008CC3E0 /* MainTabBarController.swift in Sources */,
				43B40E7828DE1D2100F44109 /* CollectionViewCell.swift in Sources */,
				438207F328E4C2680008DE49 /* UIButton + Extension.swift in Sources */,
				43B40E7628DE1D0700F44109 /* MainSongCell.swift in Sources */,
				43224E0628E1BF210013A829 /* UIColor + Extension.swift in Sources */,
				E465C26628DC718D008CC3E0 /* PlayListModel.swift in Sources */,
				43CDEAF328E2FEBB00D059AE /* MiniPlayerViewController.swift in Sources */,
				E465C24028DB6BD0008CC3E0 /* TrackModel.swift in Sources */,
				43B123D928EF349200EF5E9C /* MainViewController.swift in Sources */,
				E465C25428DB742A008CC3E0 /* PlayerViewController.swift in Sources */,
				E465C26228DC6793008CC3E0 /* TrackDataModel.swift in Sources */,
				E4B1B3F028DE4C8600F57483 /* RealmDataModel.swift in Sources */,
				E465C22B28DB6B45008CC3E0 /* AppDelegate.swift in Sources */,
				11A2A06E28EEBB6800AD9EC5 /* BaseView.swift in Sources */,
				E465C25128DB73AC008CC3E0 /* ListViewController.swift in Sources */,
				43C207AC28F0873900F20013 /* MainsTableViewCell.swift in Sources */,
				E465C22D28DB6B45008CC3E0 /* SceneDelegate.swift in Sources */,
				A50EBCA428DC3C1200DCC2B2 /* TrackTableViewCell.swift in Sources */,
				43C207AE28F09BE600F20013 /* MainCollectionView.swift in Sources */,
			);
			runOnlyForDeploymentPostprocessing = 0;
		};
/* End PBXSourcesBuildPhase section */

/* Begin PBXVariantGroup section */
		E465C23528DB6B47008CC3E0 /* LaunchScreen.storyboard */ = {
			isa = PBXVariantGroup;
			children = (
				E465C23628DB6B47008CC3E0 /* Base */,
			);
			name = LaunchScreen.storyboard;
			sourceTree = "<group>";
		};
/* End PBXVariantGroup section */

/* Begin XCBuildConfiguration section */
		E465C23928DB6B47008CC3E0 /* Debug */ = {
			isa = XCBuildConfiguration;
			buildSettings = {
				ALWAYS_SEARCH_USER_PATHS = NO;
				CLANG_ANALYZER_NONNULL = YES;
				CLANG_ANALYZER_NUMBER_OBJECT_CONVERSION = YES_AGGRESSIVE;
				CLANG_CXX_LANGUAGE_STANDARD = "gnu++17";
				CLANG_ENABLE_MODULES = YES;
				CLANG_ENABLE_OBJC_ARC = YES;
				CLANG_ENABLE_OBJC_WEAK = YES;
				CLANG_WARN_BLOCK_CAPTURE_AUTORELEASING = YES;
				CLANG_WARN_BOOL_CONVERSION = YES;
				CLANG_WARN_COMMA = YES;
				CLANG_WARN_CONSTANT_CONVERSION = YES;
				CLANG_WARN_DEPRECATED_OBJC_IMPLEMENTATIONS = YES;
				CLANG_WARN_DIRECT_OBJC_ISA_USAGE = YES_ERROR;
				CLANG_WARN_DOCUMENTATION_COMMENTS = YES;
				CLANG_WARN_EMPTY_BODY = YES;
				CLANG_WARN_ENUM_CONVERSION = YES;
				CLANG_WARN_INFINITE_RECURSION = YES;
				CLANG_WARN_INT_CONVERSION = YES;
				CLANG_WARN_NON_LITERAL_NULL_CONVERSION = YES;
				CLANG_WARN_OBJC_IMPLICIT_RETAIN_SELF = YES;
				CLANG_WARN_OBJC_LITERAL_CONVERSION = YES;
				CLANG_WARN_OBJC_ROOT_CLASS = YES_ERROR;
				CLANG_WARN_QUOTED_INCLUDE_IN_FRAMEWORK_HEADER = YES;
				CLANG_WARN_RANGE_LOOP_ANALYSIS = YES;
				CLANG_WARN_STRICT_PROTOTYPES = YES;
				CLANG_WARN_SUSPICIOUS_MOVE = YES;
				CLANG_WARN_UNGUARDED_AVAILABILITY = YES_AGGRESSIVE;
				CLANG_WARN_UNREACHABLE_CODE = YES;
				CLANG_WARN__DUPLICATE_METHOD_MATCH = YES;
				COPY_PHASE_STRIP = NO;
				DEBUG_INFORMATION_FORMAT = dwarf;
				ENABLE_STRICT_OBJC_MSGSEND = YES;
				ENABLE_TESTABILITY = YES;
				GCC_C_LANGUAGE_STANDARD = gnu11;
				GCC_DYNAMIC_NO_PIC = NO;
				GCC_NO_COMMON_BLOCKS = YES;
				GCC_OPTIMIZATION_LEVEL = 0;
				GCC_PREPROCESSOR_DEFINITIONS = (
					"DEBUG=1",
					"$(inherited)",
				);
				GCC_WARN_64_TO_32_BIT_CONVERSION = YES;
				GCC_WARN_ABOUT_RETURN_TYPE = YES_ERROR;
				GCC_WARN_UNDECLARED_SELECTOR = YES;
				GCC_WARN_UNINITIALIZED_AUTOS = YES_AGGRESSIVE;
				GCC_WARN_UNUSED_FUNCTION = YES;
				GCC_WARN_UNUSED_VARIABLE = YES;
				IPHONEOS_DEPLOYMENT_TARGET = 15.5;
				MTL_ENABLE_DEBUG_INFO = INCLUDE_SOURCE;
				MTL_FAST_MATH = YES;
				ONLY_ACTIVE_ARCH = YES;
				SDKROOT = iphoneos;
				SWIFT_ACTIVE_COMPILATION_CONDITIONS = DEBUG;
				SWIFT_OPTIMIZATION_LEVEL = "-Onone";
			};
			name = Debug;
		};
		E465C23A28DB6B47008CC3E0 /* Release */ = {
			isa = XCBuildConfiguration;
			buildSettings = {
				ALWAYS_SEARCH_USER_PATHS = NO;
				CLANG_ANALYZER_NONNULL = YES;
				CLANG_ANALYZER_NUMBER_OBJECT_CONVERSION = YES_AGGRESSIVE;
				CLANG_CXX_LANGUAGE_STANDARD = "gnu++17";
				CLANG_ENABLE_MODULES = YES;
				CLANG_ENABLE_OBJC_ARC = YES;
				CLANG_ENABLE_OBJC_WEAK = YES;
				CLANG_WARN_BLOCK_CAPTURE_AUTORELEASING = YES;
				CLANG_WARN_BOOL_CONVERSION = YES;
				CLANG_WARN_COMMA = YES;
				CLANG_WARN_CONSTANT_CONVERSION = YES;
				CLANG_WARN_DEPRECATED_OBJC_IMPLEMENTATIONS = YES;
				CLANG_WARN_DIRECT_OBJC_ISA_USAGE = YES_ERROR;
				CLANG_WARN_DOCUMENTATION_COMMENTS = YES;
				CLANG_WARN_EMPTY_BODY = YES;
				CLANG_WARN_ENUM_CONVERSION = YES;
				CLANG_WARN_INFINITE_RECURSION = YES;
				CLANG_WARN_INT_CONVERSION = YES;
				CLANG_WARN_NON_LITERAL_NULL_CONVERSION = YES;
				CLANG_WARN_OBJC_IMPLICIT_RETAIN_SELF = YES;
				CLANG_WARN_OBJC_LITERAL_CONVERSION = YES;
				CLANG_WARN_OBJC_ROOT_CLASS = YES_ERROR;
				CLANG_WARN_QUOTED_INCLUDE_IN_FRAMEWORK_HEADER = YES;
				CLANG_WARN_RANGE_LOOP_ANALYSIS = YES;
				CLANG_WARN_STRICT_PROTOTYPES = YES;
				CLANG_WARN_SUSPICIOUS_MOVE = YES;
				CLANG_WARN_UNGUARDED_AVAILABILITY = YES_AGGRESSIVE;
				CLANG_WARN_UNREACHABLE_CODE = YES;
				CLANG_WARN__DUPLICATE_METHOD_MATCH = YES;
				COPY_PHASE_STRIP = NO;
				DEBUG_INFORMATION_FORMAT = "dwarf-with-dsym";
				ENABLE_NS_ASSERTIONS = NO;
				ENABLE_STRICT_OBJC_MSGSEND = YES;
				GCC_C_LANGUAGE_STANDARD = gnu11;
				GCC_NO_COMMON_BLOCKS = YES;
				GCC_WARN_64_TO_32_BIT_CONVERSION = YES;
				GCC_WARN_ABOUT_RETURN_TYPE = YES_ERROR;
				GCC_WARN_UNDECLARED_SELECTOR = YES;
				GCC_WARN_UNINITIALIZED_AUTOS = YES_AGGRESSIVE;
				GCC_WARN_UNUSED_FUNCTION = YES;
				GCC_WARN_UNUSED_VARIABLE = YES;
				IPHONEOS_DEPLOYMENT_TARGET = 15.5;
				MTL_ENABLE_DEBUG_INFO = NO;
				MTL_FAST_MATH = YES;
				SDKROOT = iphoneos;
				SWIFT_COMPILATION_MODE = wholemodule;
				SWIFT_OPTIMIZATION_LEVEL = "-O";
				VALIDATE_PRODUCT = YES;
			};
			name = Release;
		};
		E465C23C28DB6B47008CC3E0 /* Debug */ = {
			isa = XCBuildConfiguration;
			buildSettings = {
				ASSETCATALOG_COMPILER_APPICON_NAME = AppIcon;
				ASSETCATALOG_COMPILER_GLOBAL_ACCENT_COLOR_NAME = AccentColor;
				CODE_SIGN_STYLE = Automatic;
				CURRENT_PROJECT_VERSION = 1;
				DEVELOPMENT_TEAM = 7UMPY8HG2G;
				GENERATE_INFOPLIST_FILE = YES;
				INFOPLIST_FILE = SwiftChallenge3/Resources/Info.plist;
				INFOPLIST_KEY_UIApplicationSupportsIndirectInputEvents = YES;
				INFOPLIST_KEY_UILaunchStoryboardName = LaunchScreen;
				INFOPLIST_KEY_UISupportedInterfaceOrientations_iPad = "UIInterfaceOrientationPortrait UIInterfaceOrientationPortraitUpsideDown UIInterfaceOrientationLandscapeLeft UIInterfaceOrientationLandscapeRight";
				INFOPLIST_KEY_UISupportedInterfaceOrientations_iPhone = "UIInterfaceOrientationPortrait UIInterfaceOrientationLandscapeLeft UIInterfaceOrientationLandscapeRight";
				LD_RUNPATH_SEARCH_PATHS = (
					"$(inherited)",
					"@executable_path/Frameworks",
				);
				MARKETING_VERSION = 1.0;
				PRODUCT_BUNDLE_IDENTIFIER = DrewKuznetsov.SwiftChallenge3;
				PRODUCT_NAME = "$(TARGET_NAME)";
				SWIFT_EMIT_LOC_STRINGS = YES;
				SWIFT_VERSION = 5.0;
				TARGETED_DEVICE_FAMILY = "1,2";
			};
			name = Debug;
		};
		E465C23D28DB6B47008CC3E0 /* Release */ = {
			isa = XCBuildConfiguration;
			buildSettings = {
				ASSETCATALOG_COMPILER_APPICON_NAME = AppIcon;
				ASSETCATALOG_COMPILER_GLOBAL_ACCENT_COLOR_NAME = AccentColor;
				CODE_SIGN_STYLE = Automatic;
				CURRENT_PROJECT_VERSION = 1;
				DEVELOPMENT_TEAM = 7UMPY8HG2G;
				GENERATE_INFOPLIST_FILE = YES;
				INFOPLIST_FILE = SwiftChallenge3/Resources/Info.plist;
				INFOPLIST_KEY_UIApplicationSupportsIndirectInputEvents = YES;
				INFOPLIST_KEY_UILaunchStoryboardName = LaunchScreen;
				INFOPLIST_KEY_UISupportedInterfaceOrientations_iPad = "UIInterfaceOrientationPortrait UIInterfaceOrientationPortraitUpsideDown UIInterfaceOrientationLandscapeLeft UIInterfaceOrientationLandscapeRight";
				INFOPLIST_KEY_UISupportedInterfaceOrientations_iPhone = "UIInterfaceOrientationPortrait UIInterfaceOrientationLandscapeLeft UIInterfaceOrientationLandscapeRight";
				LD_RUNPATH_SEARCH_PATHS = (
					"$(inherited)",
					"@executable_path/Frameworks",
				);
				MARKETING_VERSION = 1.0;
				PRODUCT_BUNDLE_IDENTIFIER = DrewKuznetsov.SwiftChallenge3;
				PRODUCT_NAME = "$(TARGET_NAME)";
				SWIFT_EMIT_LOC_STRINGS = YES;
				SWIFT_VERSION = 5.0;
				TARGETED_DEVICE_FAMILY = "1,2";
			};
			name = Release;
		};
/* End XCBuildConfiguration section */

/* Begin XCConfigurationList section */
		E465C22228DB6B44008CC3E0 /* Build configuration list for PBXProject "SwiftChallenge3" */ = {
			isa = XCConfigurationList;
			buildConfigurations = (
				E465C23928DB6B47008CC3E0 /* Debug */,
				E465C23A28DB6B47008CC3E0 /* Release */,
			);
			defaultConfigurationIsVisible = 0;
			defaultConfigurationName = Release;
		};
		E465C23B28DB6B47008CC3E0 /* Build configuration list for PBXNativeTarget "SwiftChallenge3" */ = {
			isa = XCConfigurationList;
			buildConfigurations = (
				E465C23C28DB6B47008CC3E0 /* Debug */,
				E465C23D28DB6B47008CC3E0 /* Release */,
			);
			defaultConfigurationIsVisible = 0;
			defaultConfigurationName = Release;
		};
/* End XCConfigurationList section */

/* Begin XCRemoteSwiftPackageReference section */
		E465C25E28DB76CB008CC3E0 /* XCRemoteSwiftPackageReference "SnapKit" */ = {
			isa = XCRemoteSwiftPackageReference;
			repositoryURL = "https://github.com/SnapKit/SnapKit.git";
			requirement = {
				kind = upToNextMajorVersion;
				minimumVersion = 5.0.0;
			};
		};
		E4B1B3E828DE4C4B00F57483 /* XCRemoteSwiftPackageReference "realm-swift" */ = {
			isa = XCRemoteSwiftPackageReference;
			repositoryURL = "https://github.com/realm/realm-swift.git";
			requirement = {
				branch = master;
				kind = branch;
			};
		};
/* End XCRemoteSwiftPackageReference section */

/* Begin XCSwiftPackageProductDependency section */
		E465C25F28DB76CB008CC3E0 /* SnapKit */ = {
			isa = XCSwiftPackageProductDependency;
			package = E465C25E28DB76CB008CC3E0 /* XCRemoteSwiftPackageReference "SnapKit" */;
			productName = SnapKit;
		};
		E4B1B3E928DE4C4B00F57483 /* Realm */ = {
			isa = XCSwiftPackageProductDependency;
			package = E4B1B3E828DE4C4B00F57483 /* XCRemoteSwiftPackageReference "realm-swift" */;
			productName = Realm;
		};
		E4B1B3EB28DE4C4B00F57483 /* RealmSwift */ = {
			isa = XCSwiftPackageProductDependency;
			package = E4B1B3E828DE4C4B00F57483 /* XCRemoteSwiftPackageReference "realm-swift" */;
			productName = RealmSwift;
		};
/* End XCSwiftPackageProductDependency section */
	};
	rootObject = E465C21F28DB6B44008CC3E0 /* Project object */;
}
